{
  "nodes": {
    "emacs-overlay": {
      "locked": {
        "lastModified": 1603657580,
        "narHash": "sha256-3PaTxa/tVwtsAYFw7jrLBImNyFKTvhiVLSmIPCYRe4k=",
        "owner": "nix-community",
        "repo": "emacs-overlay",
        "rev": "862d4f21e68c6ea1df8ed29743248ec08476205f",
        "type": "github"
      },
      "original": {
        "owner": "nix-community",
        "repo": "emacs-overlay",
        "type": "github"
      }
    },
    "nixpkgs": {
      "locked": {
        "lastModified": 1601104372,
        "narHash": "sha256-qlkU6Eq3kuvSaVleuhW6YIGnnynqPg48sK8db7y+mDk=",
        "owner": "NixOS",
        "repo": "nixpkgs-channels",
        "rev": "502845c3e31ef3de0e424f3fcb09217df2ce6df6",
        "type": "github"
      },
      "original": {
        "owner": "NixOS",
        "ref": "nixpkgs-unstable",
        "repo": "nixpkgs-channels",
        "type": "github"
      }
    },
    "root": {
      "inputs": {
        "emacs-overlay": "emacs-overlay",
        "nixpkgs": "nixpkgs"
      }
    }
  },
  "root": "root",
  "version": 7
}
