{
  "nodes": {
    "emacs-overlay": {
      "locked": {
        "lastModified": 1621740021,
        "narHash": "sha256-uLu8Zgrkbsq8mnl6LjbcMvItFyAaLH45Iik5qMmb9T0=",
        "owner": "nix-community",
        "repo": "emacs-overlay",
        "rev": "5df3462dda05d8e44669cf374776274e1bc47d0a",
        "type": "github"
      },
      "original": {
        "owner": "nix-community",
        "repo": "emacs-overlay",
        "type": "github"
      }
    },
    "nixpkgs": {
      "locked": {
        "lastModified": 1601104372,
        "narHash": "sha256-qlkU6Eq3kuvSaVleuhW6YIGnnynqPg48sK8db7y+mDk=",
        "owner": "NixOS",
        "repo": "nixpkgs-channels",
        "rev": "502845c3e31ef3de0e424f3fcb09217df2ce6df6",
        "type": "github"
      },
      "original": {
        "owner": "NixOS",
        "ref": "nixpkgs-unstable",
        "repo": "nixpkgs-channels",
        "type": "github"
      }
    },
    "root": {
      "inputs": {
        "emacs-overlay": "emacs-overlay",
        "nixpkgs": "nixpkgs"
      }
    }
  },
  "root": "root",
  "version": 7
}
